
Microsoft Visual Studio Solution File, Format Version 12.00
# Visual Studio Version 17
VisualStudioVersion = 17.1.32228.430
MinimumVisualStudioVersion = 10.0.40219.1
Project("{9A19103F-16F7-4668-BE54-9A1E7A4F7556}") = "SDET42Csharp", "SDET42Csharp\SDET42Csharp.csproj", "{70D6F7D5-214D-4C03-9B0D-1E3F80925F39}"
EndProject
Project("{FAE04EC0-301F-11D3-BF4B-00C04F79EFBC}") = "Project2", "Project2\Project2.csproj", "{8D89463B-CB73-4DE0-BDDF-D9B568CDBF77}"
	ProjectSection(ProjectDependencies) = postProject
		{70D6F7D5-214D-4C03-9B0D-1E3F80925F39} = {70D6F7D5-214D-4C03-9B0D-1E3F80925F39}
	EndProjectSection
EndProject
Global
	GlobalSection(SolutionConfigurationPlatforms) = preSolution
		Debug|Any CPU = Debug|Any CPU
		Release|Any CPU = Release|Any CPU
	EndGlobalSection
	GlobalSection(ProjectConfigurationPlatforms) = postSolution
		{70D6F7D5-214D-4C03-9B0D-1E3F80925F39}.Debug|Any CPU.ActiveCfg = Debug|Any CPU
		{70D6F7D5-214D-4C03-9B0D-1E3F80925F39}.Debug|Any CPU.Build.0 = Debug|Any CPU
		{70D6F7D5-214D-4C03-9B0D-1E3F80925F39}.Release|Any CPU.ActiveCfg = Release|Any CPU
		{70D6F7D5-214D-4C03-9B0D-1E3F80925F39}.Release|Any CPU.Build.0 = Release|Any CPU
		{8D89463B-CB73-4DE0-BDDF-D9B568CDBF77}.Debug|Any CPU.ActiveCfg = Debug|Any CPU
		{8D89463B-CB73-4DE0-BDDF-D9B568CDBF77}.Debug|Any CPU.Build.0 = Debug|Any CPU
		{8D89463B-CB73-4DE0-BDDF-D9B568CDBF77}.Release|Any CPU.ActiveCfg = Release|Any CPU
		{8D89463B-CB73-4DE0-BDDF-D9B568CDBF77}.Release|Any CPU.Build.0 = Release|Any CPU
	EndGlobalSection
	GlobalSection(SolutionProperties) = preSolution
		HideSolutionNode = FALSE
	EndGlobalSection
	GlobalSection(ExtensibilityGlobals) = postSolution
		SolutionGuid = {053DF7CC-D4B9-4042-95C7-1A9E69F3B66D}
	EndGlobalSection
EndGlobal
